
Microsoft Visual Studio Solution File, Format Version 12.00
# Visual Studio Version 17
VisualStudioVersion = 17.10.34916.146
MinimumVisualStudioVersion = 10.0.40219.1
Project("{FAE04EC0-301F-11D3-BF4B-00C04F79EFBC}") = "sboTransparentWindow", "sboTransparentWindow\sboTransparentWindow.csproj", "{F334F5F1-50ED-48E7-9167-81E6CC1E7E85}"
EndProject
Global
	GlobalSection(SolutionConfigurationPlatforms) = preSolution
		Debug|Any CPU = Debug|Any CPU
		Release|Any CPU = Release|Any CPU
	EndGlobalSection
	GlobalSection(ProjectConfigurationPlatforms) = postSolution
		{F334F5F1-50ED-48E7-9167-81E6CC1E7E85}.Debug|Any CPU.ActiveCfg = Debug|Any CPU
		{F334F5F1-50ED-48E7-9167-81E6CC1E7E85}.Debug|Any CPU.Build.0 = Debug|Any CPU
		{F334F5F1-50ED-48E7-9167-81E6CC1E7E85}.Release|Any CPU.ActiveCfg = Release|Any CPU
		{F334F5F1-50ED-48E7-9167-81E6CC1E7E85}.Release|Any CPU.Build.0 = Release|Any CPU
	EndGlobalSection
	GlobalSection(SolutionProperties) = preSolution
		HideSolutionNode = FALSE
	EndGlobalSection
	GlobalSection(ExtensibilityGlobals) = postSolution
		SolutionGuid = {E6F0BCBF-429E-4E94-8914-B5392E011D2D}
	EndGlobalSection
EndGlobal
